PODS:
  - FBSnapshotTestCase (2.1.4):
    - FBSnapshotTestCase/SwiftSupport (= 2.1.4)
  - FBSnapshotTestCase/Core (2.1.4)
  - FBSnapshotTestCase/SwiftSupport (2.1.4):
    - FBSnapshotTestCase/Core
  - GNRActionSheet (1.5):
    - GNRFoundation
    - Masonry
  - GNRFoundation (0.2.5)
  - Masonry (1.1.0)

DEPENDENCIES:
  - FBSnapshotTestCase
  - GNRActionSheet (from `../`)

SPEC REPOS:
  https://github.com/CocoaPods/Specs.git:
    - FBSnapshotTestCase
    - GNRFoundation
    - Masonry

EXTERNAL SOURCES:
  GNRActionSheet:
    :path: "../"

SPEC CHECKSUMS:
  FBSnapshotTestCase: 094f9f314decbabe373b87cc339bea235a63e07a
  GNRActionSheet: 7cb5543ec5cf16873a7923f5ef6be2ff7aabda6f
  GNRFoundation: d0cbb40d73ff877af51b7aaa85eff82f49b14fe4
  Masonry: 678fab65091a9290e40e2832a55e7ab731aad201

PODFILE CHECKSUM: 937817f1bd419c1ada857376a72d91ac264c5f16

COCOAPODS: 1.5.0.beta.1
